
Microsoft Visual Studio Solution File, Format Version 12.00
# Visual Studio 15
VisualStudioVersion = 15.0.28010.2016
MinimumVisualStudioVersion = 10.0.40219.1
Project("{9A19103F-16F7-4668-BE54-9A1E7A4F7556}") = "Common", "Common\Common.csproj", "{55EBA122-E622-4C62-B18D-46F7D2967C8E}"
EndProject
Project("{9A19103F-16F7-4668-BE54-9A1E7A4F7556}") = "Day01", "Day01\Day01.csproj", "{2FB20818-FB44-45EB-9A6B-43764B1ED5EF}"
EndProject
Project("{FAE04EC0-301F-11D3-BF4B-00C04F79EFBC}") = "Day02", "Day02\Day02.csproj", "{4E9F31E9-F89B-414F-A955-CD9DCB8176A2}"
EndProject
Project("{FAE04EC0-301F-11D3-BF4B-00C04F79EFBC}") = "Day03", "Day03\Day03.csproj", "{5B962B22-7608-4269-BFFD-5C2308826601}"
EndProject
Project("{FAE04EC0-301F-11D3-BF4B-00C04F79EFBC}") = "Day04", "Day04\Day04.csproj", "{56C1AC93-C6FE-4A17-95E7-7BD553D34BBE}"
EndProject
Global
	GlobalSection(SolutionConfigurationPlatforms) = preSolution
		Debug|Any CPU = Debug|Any CPU
		Release|Any CPU = Release|Any CPU
	EndGlobalSection
	GlobalSection(ProjectConfigurationPlatforms) = postSolution
		{55EBA122-E622-4C62-B18D-46F7D2967C8E}.Debug|Any CPU.ActiveCfg = Debug|Any CPU
		{55EBA122-E622-4C62-B18D-46F7D2967C8E}.Debug|Any CPU.Build.0 = Debug|Any CPU
		{55EBA122-E622-4C62-B18D-46F7D2967C8E}.Release|Any CPU.ActiveCfg = Release|Any CPU
		{55EBA122-E622-4C62-B18D-46F7D2967C8E}.Release|Any CPU.Build.0 = Release|Any CPU
		{2FB20818-FB44-45EB-9A6B-43764B1ED5EF}.Debug|Any CPU.ActiveCfg = Debug|Any CPU
		{2FB20818-FB44-45EB-9A6B-43764B1ED5EF}.Debug|Any CPU.Build.0 = Debug|Any CPU
		{2FB20818-FB44-45EB-9A6B-43764B1ED5EF}.Release|Any CPU.ActiveCfg = Release|Any CPU
		{2FB20818-FB44-45EB-9A6B-43764B1ED5EF}.Release|Any CPU.Build.0 = Release|Any CPU
		{4E9F31E9-F89B-414F-A955-CD9DCB8176A2}.Debug|Any CPU.ActiveCfg = Debug|Any CPU
		{4E9F31E9-F89B-414F-A955-CD9DCB8176A2}.Debug|Any CPU.Build.0 = Debug|Any CPU
		{4E9F31E9-F89B-414F-A955-CD9DCB8176A2}.Release|Any CPU.ActiveCfg = Release|Any CPU
		{4E9F31E9-F89B-414F-A955-CD9DCB8176A2}.Release|Any CPU.Build.0 = Release|Any CPU
		{5B962B22-7608-4269-BFFD-5C2308826601}.Debug|Any CPU.ActiveCfg = Debug|Any CPU
		{5B962B22-7608-4269-BFFD-5C2308826601}.Debug|Any CPU.Build.0 = Debug|Any CPU
		{5B962B22-7608-4269-BFFD-5C2308826601}.Release|Any CPU.ActiveCfg = Release|Any CPU
		{5B962B22-7608-4269-BFFD-5C2308826601}.Release|Any CPU.Build.0 = Release|Any CPU
		{56C1AC93-C6FE-4A17-95E7-7BD553D34BBE}.Debug|Any CPU.ActiveCfg = Debug|Any CPU
		{56C1AC93-C6FE-4A17-95E7-7BD553D34BBE}.Debug|Any CPU.Build.0 = Debug|Any CPU
		{56C1AC93-C6FE-4A17-95E7-7BD553D34BBE}.Release|Any CPU.ActiveCfg = Release|Any CPU
		{56C1AC93-C6FE-4A17-95E7-7BD553D34BBE}.Release|Any CPU.Build.0 = Release|Any CPU
	EndGlobalSection
	GlobalSection(SolutionProperties) = preSolution
		HideSolutionNode = FALSE
	EndGlobalSection
	GlobalSection(ExtensibilityGlobals) = postSolution
		SolutionGuid = {A9CF1B2D-063A-4688-992D-98D27A4F3D9A}
	EndGlobalSection
EndGlobal
